// !$*UTF8*$!
{
	archiveVersion = 1;
	classes = {
	};
	objectVersion = 46;
	objects = {

/* Begin PBXBuildFile section */
		7A8AC48D1940EFD8004545D1 /* AppDelegate.swift in Sources */ = {isa = PBXBuildFile; fileRef = 7A8AC48C1940EFD8004545D1 /* AppDelegate.swift */; };
		7A8AC48F1940EFD8004545D1 /* ViewController.swift in Sources */ = {isa = PBXBuildFile; fileRef = 7A8AC48E1940EFD8004545D1 /* ViewController.swift */; };
		7A8AC4921940EFD8004545D1 /* Main.storyboard in Resources */ = {isa = PBXBuildFile; fileRef = 7A8AC4901940EFD8004545D1 /* Main.storyboard */; };
		7A8AC4941940EFD8004545D1 /* Images.xcassets in Resources */ = {isa = PBXBuildFile; fileRef = 7A8AC4931940EFD8004545D1 /* Images.xcassets */; };
		7A8AC4A01940EFD8004545D1 /* AVAudioEngineFunTests.swift in Sources */ = {isa = PBXBuildFile; fileRef = 7A8AC49F1940EFD8004545D1 /* AVAudioEngineFunTests.swift */; };
		7A8AC4AC1940F91F004545D1 /* developers.aif in Resources */ = {isa = PBXBuildFile; fileRef = 7A8AC4AB1940F912004545D1 /* developers.aif */; };
/* End PBXBuildFile section */

/* Begin PBXContainerItemProxy section */
		7A8AC49A1940EFD8004545D1 /* PBXContainerItemProxy */ = {
			isa = PBXContainerItemProxy;
			containerPortal = 7A8AC47F1940EFD8004545D1 /* Project object */;
			proxyType = 1;
			remoteGlobalIDString = 7A8AC4861940EFD8004545D1;
			remoteInfo = AVAudioEngineFun;
		};
/* End PBXContainerItemProxy section */

/* Begin PBXFileReference section */
		7A8AC4871940EFD8004545D1 /* AVAudioEngineFun.app */ = {isa = PBXFileReference; explicitFileType = wrapper.application; includeInIndex = 0; path = AVAudioEngineFun.app; sourceTree = BUILT_PRODUCTS_DIR; };
		7A8AC48B1940EFD8004545D1 /* Info.plist */ = {isa = PBXFileReference; lastKnownFileType = text.plist.xml; path = Info.plist; sourceTree = "<group>"; };
		7A8AC48C1940EFD8004545D1 /* AppDelegate.swift */ = {isa = PBXFileReference; lastKnownFileType = sourcecode.swift; path = AppDelegate.swift; sourceTree = "<group>"; };
		7A8AC48E1940EFD8004545D1 /* ViewController.swift */ = {isa = PBXFileReference; lastKnownFileType = sourcecode.swift; path = ViewController.swift; sourceTree = "<group>"; };
		7A8AC4911940EFD8004545D1 /* Base */ = {isa = PBXFileReference; lastKnownFileType = file.storyboard; name = Base; path = Base.lproj/Main.storyboard; sourceTree = "<group>"; };
		7A8AC4931940EFD8004545D1 /* Images.xcassets */ = {isa = PBXFileReference; lastKnownFileType = folder.assetcatalog; path = Images.xcassets; sourceTree = "<group>"; };
		7A8AC4991940EFD8004545D1 /* AVAudioEngineFunTests.xctest */ = {isa = PBXFileReference; explicitFileType = wrapper.cfbundle; includeInIndex = 0; path = AVAudioEngineFunTests.xctest; sourceTree = BUILT_PRODUCTS_DIR; };
		7A8AC49E1940EFD8004545D1 /* Info.plist */ = {isa = PBXFileReference; lastKnownFileType = text.plist.xml; path = Info.plist; sourceTree = "<group>"; };
		7A8AC49F1940EFD8004545D1 /* AVAudioEngineFunTests.swift */ = {isa = PBXFileReference; lastKnownFileType = sourcecode.swift; path = AVAudioEngineFunTests.swift; sourceTree = "<group>"; };
		7A8AC4AB1940F912004545D1 /* developers.aif */ = {isa = PBXFileReference; lastKnownFileType = file; path = developers.aif; sourceTree = "<group>"; };
/* End PBXFileReference section */

/* Begin PBXFrameworksBuildPhase section */
		7A8AC4841940EFD8004545D1 /* Frameworks */ = {
			isa = PBXFrameworksBuildPhase;
			buildActionMask = 2147483647;
			files = (
			);
			runOnlyForDeploymentPostprocessing = 0;
		};
		7A8AC4961940EFD8004545D1 /* Frameworks */ = {
			isa = PBXFrameworksBuildPhase;
			buildActionMask = 2147483647;
			files = (
			);
			runOnlyForDeploymentPostprocessing = 0;
		};
/* End PBXFrameworksBuildPhase section */

/* Begin PBXGroup section */
		7A8AC47E1940EFD8004545D1 = {
			isa = PBXGroup;
			children = (
				7A8AC4891940EFD8004545D1 /* AVAudioEngineFun */,
				7A8AC49C1940EFD8004545D1 /* AVAudioEngineFunTests */,
				7A8AC4881940EFD8004545D1 /* Products */,
			);
			sourceTree = "<group>";
		};
		7A8AC4881940EFD8004545D1 /* Products */ = {
			isa = PBXGroup;
			children = (
				7A8AC4871940EFD8004545D1 /* AVAudioEngineFun.app */,
				7A8AC4991940EFD8004545D1 /* AVAudioEngineFunTests.xctest */,
			);
			name = Products;
			sourceTree = "<group>";
		};
		7A8AC4891940EFD8004545D1 /* AVAudioEngineFun */ = {
			isa = PBXGroup;
			children = (
				7A8AC4AB1940F912004545D1 /* developers.aif */,
				7A8AC48C1940EFD8004545D1 /* AppDelegate.swift */,
				7A8AC48E1940EFD8004545D1 /* ViewController.swift */,
				7A8AC4901940EFD8004545D1 /* Main.storyboard */,
				7A8AC4931940EFD8004545D1 /* Images.xcassets */,
				7A8AC48A1940EFD8004545D1 /* Supporting Files */,
			);
			path = AVAudioEngineFun;
			sourceTree = "<group>";
		};
		7A8AC48A1940EFD8004545D1 /* Supporting Files */ = {
			isa = PBXGroup;
			children = (
				7A8AC48B1940EFD8004545D1 /* Info.plist */,
			);
			name = "Supporting Files";
			sourceTree = "<group>";
		};
		7A8AC49C1940EFD8004545D1 /* AVAudioEngineFunTests */ = {
			isa = PBXGroup;
			children = (
				7A8AC49F1940EFD8004545D1 /* AVAudioEngineFunTests.swift */,
				7A8AC49D1940EFD8004545D1 /* Supporting Files */,
			);
			path = AVAudioEngineFunTests;
			sourceTree = "<group>";
		};
		7A8AC49D1940EFD8004545D1 /* Supporting Files */ = {
			isa = PBXGroup;
			children = (
				7A8AC49E1940EFD8004545D1 /* Info.plist */,
			);
			name = "Supporting Files";
			sourceTree = "<group>";
		};
/* End PBXGroup section */

/* Begin PBXNativeTarget section */
		7A8AC4861940EFD8004545D1 /* AVAudioEngineFun */ = {
			isa = PBXNativeTarget;
			buildConfigurationList = 7A8AC4A31940EFD8004545D1 /* Build configuration list for PBXNativeTarget "AVAudioEngineFun" */;
			buildPhases = (
				7A8AC4831940EFD8004545D1 /* Sources */,
				7A8AC4841940EFD8004545D1 /* Frameworks */,
				7A8AC4851940EFD8004545D1 /* Resources */,
			);
			buildRules = (
			);
			dependencies = (
			);
			name = AVAudioEngineFun;
			productName = AVAudioEngineFun;
			productReference = 7A8AC4871940EFD8004545D1 /* AVAudioEngineFun.app */;
			productType = "com.apple.product-type.application";
		};
		7A8AC4981940EFD8004545D1 /* AVAudioEngineFunTests */ = {
			isa = PBXNativeTarget;
			buildConfigurationList = 7A8AC4A61940EFD8004545D1 /* Build configuration list for PBXNativeTarget "AVAudioEngineFunTests" */;
			buildPhases = (
				7A8AC4951940EFD8004545D1 /* Sources */,
				7A8AC4961940EFD8004545D1 /* Frameworks */,
				7A8AC4971940EFD8004545D1 /* Resources */,
			);
			buildRules = (
			);
			dependencies = (
				7A8AC49B1940EFD8004545D1 /* PBXTargetDependency */,
			);
			name = AVAudioEngineFunTests;
			productName = AVAudioEngineFunTests;
			productReference = 7A8AC4991940EFD8004545D1 /* AVAudioEngineFunTests.xctest */;
			productType = "com.apple.product-type.bundle.unit-test";
		};
/* End PBXNativeTarget section */

/* Begin PBXProject section */
		7A8AC47F1940EFD8004545D1 /* Project object */ = {
			isa = PBXProject;
			attributes = {
				LastUpgradeCheck = 0600;
				ORGANIZATIONNAME = "John Forester";
				TargetAttributes = {
					7A8AC4861940EFD8004545D1 = {
						CreatedOnToolsVersion = 6.0;
					};
					7A8AC4981940EFD8004545D1 = {
						CreatedOnToolsVersion = 6.0;
						TestTargetID = 7A8AC4861940EFD8004545D1;
					};
				};
			};
			buildConfigurationList = 7A8AC4821940EFD8004545D1 /* Build configuration list for PBXProject "AVAudioEngineFun" */;
			compatibilityVersion = "Xcode 3.2";
			developmentRegion = English;
			hasScannedForEncodings = 0;
			knownRegions = (
				en,
				Base,
			);
			mainGroup = 7A8AC47E1940EFD8004545D1;
			productRefGroup = 7A8AC4881940EFD8004545D1 /* Products */;
			projectDirPath = "";
			projectRoot = "";
			targets = (
				7A8AC4861940EFD8004545D1 /* AVAudioEngineFun */,
				7A8AC4981940EFD8004545D1 /* AVAudioEngineFunTests */,
			);
		};
/* End PBXProject section */

/* Begin PBXResourcesBuildPhase section */
		7A8AC4851940EFD8004545D1 /* Resources */ = {
			isa = PBXResourcesBuildPhase;
			buildActionMask = 2147483647;
			files = (
				7A8AC4921940EFD8004545D1 /* Main.storyboard in Resources */,
				7A8AC4AC1940F91F004545D1 /* developers.aif in Resources */,
				7A8AC4941940EFD8004545D1 /* Images.xcassets in Resources */,
			);
			runOnlyForDeploymentPostprocessing = 0;
		};
		7A8AC4971940EFD8004545D1 /* Resources */ = {
			isa = PBXResourcesBuildPhase;
			buildActionMask = 2147483647;
			files = (
			);
			runOnlyForDeploymentPostprocessing = 0;
		};
/* End PBXResourcesBuildPhase section */

/* Begin PBXSourcesBuildPhase section */
		7A8AC4831940EFD8004545D1 /* Sources */ = {
			isa = PBXSourcesBuildPhase;
			buildActionMask = 2147483647;
			files = (
				7A8AC48F1940EFD8004545D1 /* ViewController.swift in Sources */,
				7A8AC48D1940EFD8004545D1 /* AppDelegate.swift in Sources */,
			);
			runOnlyForDeploymentPostprocessing = 0;
		};
		7A8AC4951940EFD8004545D1 /* Sources */ = {
			isa = PBXSourcesBuildPhase;
			buildActionMask = 2147483647;
			files = (
				7A8AC4A01940EFD8004545D1 /* AVAudioEngineFunTests.swift in Sources */,
			);
			runOnlyForDeploymentPostprocessing = 0;
		};
/* End PBXSourcesBuildPhase section */

/* Begin PBXTargetDependency section */
		7A8AC49B1940EFD8004545D1 /* PBXTargetDependency */ = {
			isa = PBXTargetDependency;
			target = 7A8AC4861940EFD8004545D1 /* AVAudioEngineFun */;
			targetProxy = 7A8AC49A1940EFD8004545D1 /* PBXContainerItemProxy */;
		};
/* End PBXTargetDependency section */

/* Begin PBXVariantGroup section */
		7A8AC4901940EFD8004545D1 /* Main.storyboard */ = {
			isa = PBXVariantGroup;
			children = (
				7A8AC4911940EFD8004545D1 /* Base */,
			);
			name = Main.storyboard;
			sourceTree = "<group>";
		};
/* End PBXVariantGroup section */

/* Begin XCBuildConfiguration section */
		7A8AC4A11940EFD8004545D1 /* Debug */ = {
			isa = XCBuildConfiguration;
			buildSettings = {
				ALWAYS_SEARCH_USER_PATHS = NO;
				CLANG_CXX_LANGUAGE_STANDARD = "gnu++0x";
				CLANG_CXX_LIBRARY = "libc++";
				CLANG_ENABLE_MODULES = YES;
				CLANG_ENABLE_OBJC_ARC = YES;
				CLANG_WARN_BOOL_CONVERSION = YES;
				CLANG_WARN_CONSTANT_CONVERSION = YES;
				CLANG_WARN_DIRECT_OBJC_ISA_USAGE = YES_ERROR;
				CLANG_WARN_EMPTY_BODY = YES;
				CLANG_WARN_ENUM_CONVERSION = YES;
				CLANG_WARN_INT_CONVERSION = YES;
				CLANG_WARN_OBJC_ROOT_CLASS = YES_ERROR;
				CLANG_WARN_UNREACHABLE_CODE = YES;
				CLANG_WARN__DUPLICATE_METHOD_MATCH = YES;
				"CODE_SIGN_IDENTITY[sdk=iphoneos*]" = "iPhone Developer";
				COPY_PHASE_STRIP = NO;
				ENABLE_STRICT_OBJC_MSGSEND = YES;
				GCC_C_LANGUAGE_STANDARD = gnu99;
				GCC_DYNAMIC_NO_PIC = NO;
				GCC_OPTIMIZATION_LEVEL = 0;
				GCC_PREPROCESSOR_DEFINITIONS = (
					"DEBUG=1",
					"$(inherited)",
				);
				GCC_SYMBOLS_PRIVATE_EXTERN = NO;
				GCC_WARN_64_TO_32_BIT_CONVERSION = YES;
				GCC_WARN_ABOUT_RETURN_TYPE = YES_ERROR;
				GCC_WARN_UNDECLARED_SELECTOR = YES;
				GCC_WARN_UNINITIALIZED_AUTOS = YES_AGGRESSIVE;
				GCC_WARN_UNUSED_FUNCTION = YES;
				GCC_WARN_UNUSED_VARIABLE = YES;
				IPHONEOS_DEPLOYMENT_TARGET = 8.0;
				METAL_ENABLE_DEBUG_INFO = YES;
				ONLY_ACTIVE_ARCH = YES;
				SDKROOT = iphoneos;
				SWIFT_OPTIMIZATION_LEVEL = "-Onone";
				TARGETED_DEVICE_FAMILY = "1,2";
			};
			name = Debug;
		};
		7A8AC4A21940EFD8004545D1 /* Release */ = {
			isa = XCBuildConfiguration;
			buildSettings = {
				ALWAYS_SEARCH_USER_PATHS = NO;
				CLANG_CXX_LANGUAGE_STANDARD = "gnu++0x";
				CLANG_CXX_LIBRARY = "libc++";
				CLANG_ENABLE_MODULES = YES;
				CLANG_ENABLE_OBJC_ARC = YES;
				CLANG_WARN_BOOL_CONVERSION = YES;
				CLANG_WARN_CONSTANT_CONVERSION = YES;
				CLANG_WARN_DIRECT_OBJC_ISA_USAGE = YES_ERROR;
				CLANG_WARN_EMPTY_BODY = YES;
				CLANG_WARN_ENUM_CONVERSION = YES;
				CLANG_WARN_INT_CONVERSION = YES;
				CLANG_WARN_OBJC_ROOT_CLASS = YES_ERROR;
				CLANG_WARN_UNREACHABLE_CODE = YES;
				CLANG_WARN__DUPLICATE_METHOD_MATCH = YES;
				"CODE_SIGN_IDENTITY[sdk=iphoneos*]" = "iPhone Developer";
				COPY_PHASE_STRIP = YES;
				ENABLE_NS_ASSERTIONS = NO;
				ENABLE_STRICT_OBJC_MSGSEND = YES;
				GCC_C_LANGUAGE_STANDARD = gnu99;
				GCC_WARN_64_TO_32_BIT_CONVERSION = YES;
				GCC_WARN_ABOUT_RETURN_TYPE = YES_ERROR;
				GCC_WARN_UNDECLARED_SELECTOR = YES;
				GCC_WARN_UNINITIALIZED_AUTOS = YES_AGGRESSIVE;
				GCC_WARN_UNUSED_FUNCTION = YES;
				GCC_WARN_UNUSED_VARIABLE = YES;
				IPHONEOS_DEPLOYMENT_TARGET = 8.0;
				METAL_ENABLE_DEBUG_INFO = NO;
				SDKROOT = iphoneos;
				TARGETED_DEVICE_FAMILY = "1,2";
				VALIDATE_PRODUCT = YES;
			};
			name = Release;
		};
		7A8AC4A41940EFD8004545D1 /* Debug */ = {
			isa = XCBuildConfiguration;
			buildSettings = {
				ASSETCATALOG_COMPILER_APPICON_NAME = AppIcon;
				ASSETCATALOG_COMPILER_LAUNCHIMAGE_NAME = LaunchImage;
				INFOPLIST_FILE = AVAudioEngineFun/Info.plist;
				LD_RUNPATH_SEARCH_PATHS = "$(inherited) @executable_path/Frameworks";
				PRODUCT_NAME = "$(TARGET_NAME)";
			};
			name = Debug;
		};
		7A8AC4A51940EFD8004545D1 /* Release */ = {
			isa = XCBuildConfiguration;
			buildSettings = {
				ASSETCATALOG_COMPILER_APPICON_NAME = AppIcon;
				ASSETCATALOG_COMPILER_LAUNCHIMAGE_NAME = LaunchImage;
				INFOPLIST_FILE = AVAudioEngineFun/Info.plist;
				LD_RUNPATH_SEARCH_PATHS = "$(inherited) @executable_path/Frameworks";
				PRODUCT_NAME = "$(TARGET_NAME)";
			};
			name = Release;
		};
		7A8AC4A71940EFD8004545D1 /* Debug */ = {
			isa = XCBuildConfiguration;
			buildSettings = {
				BUNDLE_LOADER = "$(BUILT_PRODUCTS_DIR)/AVAudioEngineFun.app/AVAudioEngineFun";
				FRAMEWORK_SEARCH_PATHS = (
					"$(SDKROOT)/Developer/Library/Frameworks",
					"$(inherited)",
				);
				GCC_PREPROCESSOR_DEFINITIONS = (
					"DEBUG=1",
					"$(inherited)",
				);
				INFOPLIST_FILE = AVAudioEngineFunTests/Info.plist;
				LD_RUNPATH_SEARCH_PATHS = "$(inherited) @executable_path/Frameworks @loader_path/Frameworks";
				METAL_ENABLE_DEBUG_INFO = YES;
				PRODUCT_NAME = "$(TARGET_NAME)";
				TEST_HOST = "$(BUNDLE_LOADER)";
			};
			name = Debug;
		};
		7A8AC4A81940EFD8004545D1 /* Release */ = {
			isa = XCBuildConfiguration;
			buildSettings = {
				BUNDLE_LOADER = "$(BUILT_PRODUCTS_DIR)/AVAudioEngineFun.app/AVAudioEngineFun";
				FRAMEWORK_SEARCH_PATHS = (
					"$(SDKROOT)/Developer/Library/Frameworks",
					"$(inherited)",
				);
				INFOPLIST_FILE = AVAudioEngineFunTests/Info.plist;
				LD_RUNPATH_SEARCH_PATHS = "$(inherited) @executable_path/Frameworks @loader_path/Frameworks";
				METAL_ENABLE_DEBUG_INFO = NO;
				PRODUCT_NAME = "$(TARGET_NAME)";
				TEST_HOST = "$(BUNDLE_LOADER)";
			};
			name = Release;
		};
/* End XCBuildConfiguration section */

/* Begin XCConfigurationList section */
		7A8AC4821940EFD8004545D1 /* Build configuration list for PBXProject "AVAudioEngineFun" */ = {
			isa = XCConfigurationList;
			buildConfigurations = (
				7A8AC4A11940EFD8004545D1 /* Debug */,
				7A8AC4A21940EFD8004545D1 /* Release */,
			);
			defaultConfigurationIsVisible = 0;
			defaultConfigurationName = Release;
		};
		7A8AC4A31940EFD8004545D1 /* Build configuration list for PBXNativeTarget "AVAudioEngineFun" */ = {
			isa = XCConfigurationList;
			buildConfigurations = (
				7A8AC4A41940EFD8004545D1 /* Debug */,
				7A8AC4A51940EFD8004545D1 /* Release */,
			);
			defaultConfigurationIsVisible = 0;
		};
		7A8AC4A61940EFD8004545D1 /* Build configuration list for PBXNativeTarget "AVAudioEngineFunTests" */ = {
			isa = XCConfigurationList;
			buildConfigurations = (
				7A8AC4A71940EFD8004545D1 /* Debug */,
				7A8AC4A81940EFD8004545D1 /* Release */,
			);
			defaultConfigurationIsVisible = 0;
		};
/* End XCConfigurationList section */
	};
	rootObject = 7A8AC47F1940EFD8004545D1 /* Project object */;
}
